
Microsoft Visual Studio Solution File, Format Version 12.00
# Visual Studio Version 16
VisualStudioVersion = 16.0.30104.148
MinimumVisualStudioVersion = 10.0.40219.1
Project("{FAE04EC0-301F-11D3-BF4B-00C04F79EFBC}") = "DapperExemplo1", "DapperExemplo1\DapperExemplo1.csproj", "{0CFF09F2-F63C-419B-9261-7D9E66C42E15}"
EndProject
Global
	GlobalSection(SolutionConfigurationPlatforms) = preSolution
		Debug|Any CPU = Debug|Any CPU
		Release|Any CPU = Release|Any CPU
	EndGlobalSection
	GlobalSection(ProjectConfigurationPlatforms) = postSolution
		{0CFF09F2-F63C-419B-9261-7D9E66C42E15}.Debug|Any CPU.ActiveCfg = Debug|Any CPU
		{0CFF09F2-F63C-419B-9261-7D9E66C42E15}.Debug|Any CPU.Build.0 = Debug|Any CPU
		{0CFF09F2-F63C-419B-9261-7D9E66C42E15}.Release|Any CPU.ActiveCfg = Release|Any CPU
		{0CFF09F2-F63C-419B-9261-7D9E66C42E15}.Release|Any CPU.Build.0 = Release|Any CPU
	EndGlobalSection
	GlobalSection(SolutionProperties) = preSolution
		HideSolutionNode = FALSE
	EndGlobalSection
	GlobalSection(ExtensibilityGlobals) = postSolution
		SolutionGuid = {1A8232E0-A8F6-40F6-B7B6-8791FBEB0F9E}
	EndGlobalSection
EndGlobal
